// !$*UTF8*$!
{
	archiveVersion = 1;
	classes = {
	};
	objectVersion = 50;
	objects = {

/* Begin PBXBuildFile section */
		6E04D1CC230836D900CD5210 /* AppDelegate.swift in Sources */ = {isa = PBXBuildFile; fileRef = 6E04D1CB230836D900CD5210 /* AppDelegate.swift */; };
		6E04D1CE230836D900CD5210 /* ViewController.swift in Sources */ = {isa = PBXBuildFile; fileRef = 6E04D1CD230836D900CD5210 /* ViewController.swift */; };
		6E04D1D1230836D900CD5210 /* Main.storyboard in Resources */ = {isa = PBXBuildFile; fileRef = 6E04D1CF230836D900CD5210 /* Main.storyboard */; };
		6E04D1D4230836D900CD5210 /* CurriculumVitae.xcdatamodeld in Sources */ = {isa = PBXBuildFile; fileRef = 6E04D1D2230836D900CD5210 /* CurriculumVitae.xcdatamodeld */; };
		6E04D1D6230836DD00CD5210 /* Assets.xcassets in Resources */ = {isa = PBXBuildFile; fileRef = 6E04D1D5230836DD00CD5210 /* Assets.xcassets */; };
		6E04D1D9230836DD00CD5210 /* LaunchScreen.storyboard in Resources */ = {isa = PBXBuildFile; fileRef = 6E04D1D7230836DD00CD5210 /* LaunchScreen.storyboard */; };
		6E04D1E4230836DD00CD5210 /* CurriculumVitaeTests.swift in Sources */ = {isa = PBXBuildFile; fileRef = 6E04D1E3230836DD00CD5210 /* CurriculumVitaeTests.swift */; };
		6E04D1EF230836DD00CD5210 /* CurriculumVitaeUITests.swift in Sources */ = {isa = PBXBuildFile; fileRef = 6E04D1EE230836DD00CD5210 /* CurriculumVitaeUITests.swift */; };
		6E04D2052308474100CD5210 /* DataFetcher.swift in Sources */ = {isa = PBXBuildFile; fileRef = 6E04D2042308474100CD5210 /* DataFetcher.swift */; };
		6E04D207230847A900CD5210 /* CVFetcher.swift in Sources */ = {isa = PBXBuildFile; fileRef = 6E04D206230847A900CD5210 /* CVFetcher.swift */; };
		6E04D209230879CC00CD5210 /* Launcher.swift in Sources */ = {isa = PBXBuildFile; fileRef = 6E04D208230879CC00CD5210 /* Launcher.swift */; };
		6E04D20B230879F900CD5210 /* DataLauncher.swift in Sources */ = {isa = PBXBuildFile; fileRef = 6E04D20A230879F900CD5210 /* DataLauncher.swift */; };
		6E04D20D230886AA00CD5210 /* CVParser.swift in Sources */ = {isa = PBXBuildFile; fileRef = 6E04D20C230886AA00CD5210 /* CVParser.swift */; };
		6E04D20F23088B2C00CD5210 /* CoreDataHandler.swift in Sources */ = {isa = PBXBuildFile; fileRef = 6E04D20E23088B2C00CD5210 /* CoreDataHandler.swift */; };
		6E0B3D40230D9C6000008397 /* InterestCell.swift in Sources */ = {isa = PBXBuildFile; fileRef = 6E0B3D3E230D9C6000008397 /* InterestCell.swift */; };
		6E0B3D41230D9C6000008397 /* InterestCell.xib in Resources */ = {isa = PBXBuildFile; fileRef = 6E0B3D3F230D9C6000008397 /* InterestCell.xib */; };
		6E3185B4230C54CC008C9AD4 /* FeedSample.json in Resources */ = {isa = PBXBuildFile; fileRef = 6E3185B3230C54CC008C9AD4 /* FeedSample.json */; };
		6E3185B7230C5525008C9AD4 /* FileReader.swift in Sources */ = {isa = PBXBuildFile; fileRef = 6E3185B6230C5525008C9AD4 /* FileReader.swift */; };
		6E3185B9230C791E008C9AD4 /* EmptySample.json in Resources */ = {isa = PBXBuildFile; fileRef = 6E3185B8230C791E008C9AD4 /* EmptySample.json */; };
		6E3185BB230C79C8008C9AD4 /* InvalidFeedSample.json in Resources */ = {isa = PBXBuildFile; fileRef = 6E3185BA230C79C8008C9AD4 /* InvalidFeedSample.json */; };
		6E3185C0230C8F5A008C9AD4 /* CoreDataManager.swift in Sources */ = {isa = PBXBuildFile; fileRef = 6E3185BF230C8F5A008C9AD4 /* CoreDataManager.swift */; };
		6E3185C8230CCA8E008C9AD4 /* ViewControllerViewModel.swift in Sources */ = {isa = PBXBuildFile; fileRef = 6E3185C7230CCA8E008C9AD4 /* ViewControllerViewModel.swift */; };
		6E3185CC230CCF3F008C9AD4 /* ProfileCell.swift in Sources */ = {isa = PBXBuildFile; fileRef = 6E3185CA230CCF3F008C9AD4 /* ProfileCell.swift */; };
		6E3185CD230CCF3F008C9AD4 /* ProfileCell.xib in Resources */ = {isa = PBXBuildFile; fileRef = 6E3185CB230CCF3F008C9AD4 /* ProfileCell.xib */; };
		6E3185D0230CD222008C9AD4 /* ContactCell.swift in Sources */ = {isa = PBXBuildFile; fileRef = 6E3185CE230CD222008C9AD4 /* ContactCell.swift */; };
		6E3185D1230CD222008C9AD4 /* ContactCell.xib in Resources */ = {isa = PBXBuildFile; fileRef = 6E3185CF230CD222008C9AD4 /* ContactCell.xib */; };
		6E3185D4230CD3EB008C9AD4 /* SkillCell.swift in Sources */ = {isa = PBXBuildFile; fileRef = 6E3185D2230CD3EB008C9AD4 /* SkillCell.swift */; };
		6E3185D5230CD3EB008C9AD4 /* SkillCell.xib in Resources */ = {isa = PBXBuildFile; fileRef = 6E3185D3230CD3EB008C9AD4 /* SkillCell.xib */; };
		6E3185D8230CD86C008C9AD4 /* WorkCell.swift in Sources */ = {isa = PBXBuildFile; fileRef = 6E3185D6230CD86C008C9AD4 /* WorkCell.swift */; };
		6E3185D9230CD86C008C9AD4 /* WorkCell.xib in Resources */ = {isa = PBXBuildFile; fileRef = 6E3185D7230CD86C008C9AD4 /* WorkCell.xib */; };
		6E6F63D3230D9E130012572B /* CellInfo.swift in Sources */ = {isa = PBXBuildFile; fileRef = 6E6F63D2230D9E130012572B /* CellInfo.swift */; };
		6EDE3F9B230CDAAB0040215F /* ReferenceCell.swift in Sources */ = {isa = PBXBuildFile; fileRef = 6EDE3F99230CDAAB0040215F /* ReferenceCell.swift */; };
		6EDE3F9C230CDAAB0040215F /* ReferenceCell.xib in Resources */ = {isa = PBXBuildFile; fileRef = 6EDE3F9A230CDAAB0040215F /* ReferenceCell.xib */; };
		6EDE3F9F230CDB210040215F /* EducationCell.swift in Sources */ = {isa = PBXBuildFile; fileRef = 6EDE3F9D230CDB210040215F /* EducationCell.swift */; };
		6EDE3FA0230CDB210040215F /* EducationCell.xib in Resources */ = {isa = PBXBuildFile; fileRef = 6EDE3F9E230CDB210040215F /* EducationCell.xib */; };
/* End PBXBuildFile section */

/* Begin PBXContainerItemProxy section */
		6E04D1E0230836DD00CD5210 /* PBXContainerItemProxy */ = {
			isa = PBXContainerItemProxy;
			containerPortal = 6E04D1C0230836D900CD5210 /* Project object */;
			proxyType = 1;
			remoteGlobalIDString = 6E04D1C7230836D900CD5210;
			remoteInfo = CurriculumVitae;
		};
		6E04D1EB230836DD00CD5210 /* PBXContainerItemProxy */ = {
			isa = PBXContainerItemProxy;
			containerPortal = 6E04D1C0230836D900CD5210 /* Project object */;
			proxyType = 1;
			remoteGlobalIDString = 6E04D1C7230836D900CD5210;
			remoteInfo = CurriculumVitae;
		};
/* End PBXContainerItemProxy section */

/* Begin PBXFileReference section */
		6E04D1C8230836D900CD5210 /* CurriculumVitae.app */ = {isa = PBXFileReference; explicitFileType = wrapper.application; includeInIndex = 0; path = CurriculumVitae.app; sourceTree = BUILT_PRODUCTS_DIR; };
		6E04D1CB230836D900CD5210 /* AppDelegate.swift */ = {isa = PBXFileReference; lastKnownFileType = sourcecode.swift; path = AppDelegate.swift; sourceTree = "<group>"; };
		6E04D1CD230836D900CD5210 /* ViewController.swift */ = {isa = PBXFileReference; lastKnownFileType = sourcecode.swift; path = ViewController.swift; sourceTree = "<group>"; };
		6E04D1D0230836D900CD5210 /* Base */ = {isa = PBXFileReference; lastKnownFileType = file.storyboard; name = Base; path = Base.lproj/Main.storyboard; sourceTree = "<group>"; };
		6E04D1D3230836D900CD5210 /* CurriculumVitae.xcdatamodel */ = {isa = PBXFileReference; lastKnownFileType = wrapper.xcdatamodel; path = CurriculumVitae.xcdatamodel; sourceTree = "<group>"; };
		6E04D1D5230836DD00CD5210 /* Assets.xcassets */ = {isa = PBXFileReference; lastKnownFileType = folder.assetcatalog; path = Assets.xcassets; sourceTree = "<group>"; };
		6E04D1D8230836DD00CD5210 /* Base */ = {isa = PBXFileReference; lastKnownFileType = file.storyboard; name = Base; path = Base.lproj/LaunchScreen.storyboard; sourceTree = "<group>"; };
		6E04D1DA230836DD00CD5210 /* Info.plist */ = {isa = PBXFileReference; lastKnownFileType = text.plist.xml; path = Info.plist; sourceTree = "<group>"; };
		6E04D1DF230836DD00CD5210 /* CurriculumVitaeTests.xctest */ = {isa = PBXFileReference; explicitFileType = wrapper.cfbundle; includeInIndex = 0; path = CurriculumVitaeTests.xctest; sourceTree = BUILT_PRODUCTS_DIR; };
		6E04D1E3230836DD00CD5210 /* CurriculumVitaeTests.swift */ = {isa = PBXFileReference; lastKnownFileType = sourcecode.swift; path = CurriculumVitaeTests.swift; sourceTree = "<group>"; };
		6E04D1E5230836DD00CD5210 /* Info.plist */ = {isa = PBXFileReference; lastKnownFileType = text.plist.xml; path = Info.plist; sourceTree = "<group>"; };
		6E04D1EA230836DD00CD5210 /* CurriculumVitaeUITests.xctest */ = {isa = PBXFileReference; explicitFileType = wrapper.cfbundle; includeInIndex = 0; path = CurriculumVitaeUITests.xctest; sourceTree = BUILT_PRODUCTS_DIR; };
		6E04D1EE230836DD00CD5210 /* CurriculumVitaeUITests.swift */ = {isa = PBXFileReference; lastKnownFileType = sourcecode.swift; path = CurriculumVitaeUITests.swift; sourceTree = "<group>"; };
		6E04D1F0230836DD00CD5210 /* Info.plist */ = {isa = PBXFileReference; lastKnownFileType = text.plist.xml; path = Info.plist; sourceTree = "<group>"; };
		6E04D2042308474100CD5210 /* DataFetcher.swift */ = {isa = PBXFileReference; lastKnownFileType = sourcecode.swift; path = DataFetcher.swift; sourceTree = "<group>"; };
		6E04D206230847A900CD5210 /* CVFetcher.swift */ = {isa = PBXFileReference; lastKnownFileType = sourcecode.swift; path = CVFetcher.swift; sourceTree = "<group>"; };
		6E04D208230879CC00CD5210 /* Launcher.swift */ = {isa = PBXFileReference; lastKnownFileType = sourcecode.swift; path = Launcher.swift; sourceTree = "<group>"; };
		6E04D20A230879F900CD5210 /* DataLauncher.swift */ = {isa = PBXFileReference; lastKnownFileType = sourcecode.swift; path = DataLauncher.swift; sourceTree = "<group>"; };
		6E04D20C230886AA00CD5210 /* CVParser.swift */ = {isa = PBXFileReference; lastKnownFileType = sourcecode.swift; path = CVParser.swift; sourceTree = "<group>"; };
		6E04D20E23088B2C00CD5210 /* CoreDataHandler.swift */ = {isa = PBXFileReference; lastKnownFileType = sourcecode.swift; path = CoreDataHandler.swift; sourceTree = "<group>"; };
		6E0B3D3E230D9C6000008397 /* InterestCell.swift */ = {isa = PBXFileReference; lastKnownFileType = sourcecode.swift; path = InterestCell.swift; sourceTree = "<group>"; };
		6E0B3D3F230D9C6000008397 /* InterestCell.xib */ = {isa = PBXFileReference; lastKnownFileType = file.xib; path = InterestCell.xib; sourceTree = "<group>"; };
		6E3185B3230C54CC008C9AD4 /* FeedSample.json */ = {isa = PBXFileReference; lastKnownFileType = text.json; path = FeedSample.json; sourceTree = "<group>"; };
		6E3185B6230C5525008C9AD4 /* FileReader.swift */ = {isa = PBXFileReference; lastKnownFileType = sourcecode.swift; path = FileReader.swift; sourceTree = "<group>"; };
		6E3185B8230C791E008C9AD4 /* EmptySample.json */ = {isa = PBXFileReference; lastKnownFileType = text.json; path = EmptySample.json; sourceTree = "<group>"; };
		6E3185BA230C79C8008C9AD4 /* InvalidFeedSample.json */ = {isa = PBXFileReference; lastKnownFileType = text.json; path = InvalidFeedSample.json; sourceTree = "<group>"; };
		6E3185BF230C8F5A008C9AD4 /* CoreDataManager.swift */ = {isa = PBXFileReference; lastKnownFileType = sourcecode.swift; path = CoreDataManager.swift; sourceTree = "<group>"; };
		6E3185C7230CCA8E008C9AD4 /* ViewControllerViewModel.swift */ = {isa = PBXFileReference; lastKnownFileType = sourcecode.swift; path = ViewControllerViewModel.swift; sourceTree = "<group>"; };
		6E3185CA230CCF3F008C9AD4 /* ProfileCell.swift */ = {isa = PBXFileReference; lastKnownFileType = sourcecode.swift; path = ProfileCell.swift; sourceTree = "<group>"; };
		6E3185CB230CCF3F008C9AD4 /* ProfileCell.xib */ = {isa = PBXFileReference; lastKnownFileType = file.xib; path = ProfileCell.xib; sourceTree = "<group>"; };
		6E3185CE230CD222008C9AD4 /* ContactCell.swift */ = {isa = PBXFileReference; lastKnownFileType = sourcecode.swift; path = ContactCell.swift; sourceTree = "<group>"; };
		6E3185CF230CD222008C9AD4 /* ContactCell.xib */ = {isa = PBXFileReference; lastKnownFileType = file.xib; path = ContactCell.xib; sourceTree = "<group>"; };
		6E3185D2230CD3EB008C9AD4 /* SkillCell.swift */ = {isa = PBXFileReference; lastKnownFileType = sourcecode.swift; path = SkillCell.swift; sourceTree = "<group>"; };
		6E3185D3230CD3EB008C9AD4 /* SkillCell.xib */ = {isa = PBXFileReference; lastKnownFileType = file.xib; path = SkillCell.xib; sourceTree = "<group>"; };
		6E3185D6230CD86C008C9AD4 /* WorkCell.swift */ = {isa = PBXFileReference; lastKnownFileType = sourcecode.swift; path = WorkCell.swift; sourceTree = "<group>"; };
		6E3185D7230CD86C008C9AD4 /* WorkCell.xib */ = {isa = PBXFileReference; lastKnownFileType = file.xib; path = WorkCell.xib; sourceTree = "<group>"; };
		6E6F63D2230D9E130012572B /* CellInfo.swift */ = {isa = PBXFileReference; lastKnownFileType = sourcecode.swift; path = CellInfo.swift; sourceTree = "<group>"; };
		6EDE3F99230CDAAB0040215F /* ReferenceCell.swift */ = {isa = PBXFileReference; lastKnownFileType = sourcecode.swift; path = ReferenceCell.swift; sourceTree = "<group>"; };
		6EDE3F9A230CDAAB0040215F /* ReferenceCell.xib */ = {isa = PBXFileReference; lastKnownFileType = file.xib; path = ReferenceCell.xib; sourceTree = "<group>"; };
		6EDE3F9D230CDB210040215F /* EducationCell.swift */ = {isa = PBXFileReference; lastKnownFileType = sourcecode.swift; path = EducationCell.swift; sourceTree = "<group>"; };
		6EDE3F9E230CDB210040215F /* EducationCell.xib */ = {isa = PBXFileReference; lastKnownFileType = file.xib; path = EducationCell.xib; sourceTree = "<group>"; };
/* End PBXFileReference section */

/* Begin PBXFrameworksBuildPhase section */
		6E04D1C5230836D900CD5210 /* Frameworks */ = {
			isa = PBXFrameworksBuildPhase;
			buildActionMask = 2147483647;
			files = (
			);
			runOnlyForDeploymentPostprocessing = 0;
		};
		6E04D1DC230836DD00CD5210 /* Frameworks */ = {
			isa = PBXFrameworksBuildPhase;
			buildActionMask = 2147483647;
			files = (
			);
			runOnlyForDeploymentPostprocessing = 0;
		};
		6E04D1E7230836DD00CD5210 /* Frameworks */ = {
			isa = PBXFrameworksBuildPhase;
			buildActionMask = 2147483647;
			files = (
			);
			runOnlyForDeploymentPostprocessing = 0;
		};
/* End PBXFrameworksBuildPhase section */

/* Begin PBXGroup section */
		6E04D1BF230836D900CD5210 = {
			isa = PBXGroup;
			children = (
				6E04D1CA230836D900CD5210 /* CurriculumVitae */,
				6E04D1E2230836DD00CD5210 /* CurriculumVitaeTests */,
				6E04D1ED230836DD00CD5210 /* CurriculumVitaeUITests */,
				6E04D1C9230836D900CD5210 /* Products */,
			);
			sourceTree = "<group>";
		};
		6E04D1C9230836D900CD5210 /* Products */ = {
			isa = PBXGroup;
			children = (
				6E04D1C8230836D900CD5210 /* CurriculumVitae.app */,
				6E04D1DF230836DD00CD5210 /* CurriculumVitaeTests.xctest */,
				6E04D1EA230836DD00CD5210 /* CurriculumVitaeUITests.xctest */,
			);
			name = Products;
			sourceTree = "<group>";
		};
		6E04D1CA230836D900CD5210 /* CurriculumVitae */ = {
			isa = PBXGroup;
			children = (
				6E04D2022308380D00CD5210 /* Views */,
				6E04D201230837FC00CD5210 /* Controllers */,
				6E04D1FD230837B600CD5210 /* Data */,
				6E04D1FC230837A700CD5210 /* Networking */,
				6E04D1CB230836D900CD5210 /* AppDelegate.swift */,
				6E04D1DA230836DD00CD5210 /* Info.plist */,
			);
			path = CurriculumVitae;
			sourceTree = "<group>";
		};
		6E04D1E2230836DD00CD5210 /* CurriculumVitaeTests */ = {
			isa = PBXGroup;
			children = (
				6E3185B5230C54DE008C9AD4 /* TestUtils */,
				6E3185B2230C549C008C9AD4 /* TestResources */,
				6E04D1E3230836DD00CD5210 /* CurriculumVitaeTests.swift */,
				6E04D1E5230836DD00CD5210 /* Info.plist */,
			);
			path = CurriculumVitaeTests;
			sourceTree = "<group>";
		};
		6E04D1ED230836DD00CD5210 /* CurriculumVitaeUITests */ = {
			isa = PBXGroup;
			children = (
				6E04D1EE230836DD00CD5210 /* CurriculumVitaeUITests.swift */,
				6E04D1F0230836DD00CD5210 /* Info.plist */,
			);
			path = CurriculumVitaeUITests;
			sourceTree = "<group>";
		};
		6E04D1FC230837A700CD5210 /* Networking */ = {
			isa = PBXGroup;
			children = (
				6E04D2042308474100CD5210 /* DataFetcher.swift */,
				6E04D206230847A900CD5210 /* CVFetcher.swift */,
			);
			path = Networking;
			sourceTree = "<group>";
		};
		6E04D1FD230837B600CD5210 /* Data */ = {
			isa = PBXGroup;
			children = (
				6E04D200230837E100CD5210 /* Parser */,
				6E04D1FF230837CE00CD5210 /* DB */,
				6E04D1FE230837C500CD5210 /* Models */,
				6E04D208230879CC00CD5210 /* Launcher.swift */,
				6E04D20A230879F900CD5210 /* DataLauncher.swift */,
			);
			path = Data;
			sourceTree = "<group>";
		};
		6E04D1FE230837C500CD5210 /* Models */ = {
			isa = PBXGroup;
			children = (
				6E6F63D2230D9E130012572B /* CellInfo.swift */,
			);
			path = Models;
			sourceTree = "<group>";
		};
		6E04D1FF230837CE00CD5210 /* DB */ = {
			isa = PBXGroup;
			children = (
				6E04D1D2230836D900CD5210 /* CurriculumVitae.xcdatamodeld */,
				6E04D20E23088B2C00CD5210 /* CoreDataHandler.swift */,
			);
			path = DB;
			sourceTree = "<group>";
		};
		6E04D200230837E100CD5210 /* Parser */ = {
			isa = PBXGroup;
			children = (
				6E04D20C230886AA00CD5210 /* CVParser.swift */,
			);
			path = Parser;
			sourceTree = "<group>";
		};
		6E04D201230837FC00CD5210 /* Controllers */ = {
			isa = PBXGroup;
			children = (
				6E04D1CD230836D900CD5210 /* ViewController.swift */,
				6E3185C7230CCA8E008C9AD4 /* ViewControllerViewModel.swift */,
			);
			path = Controllers;
			sourceTree = "<group>";
		};
		6E04D2022308380D00CD5210 /* Views */ = {
			isa = PBXGroup;
			children = (
				6E3185C9230CCBEF008C9AD4 /* Cells */,
				6E04D1D5230836DD00CD5210 /* Assets.xcassets */,
				6E04D2032308383D00CD5210 /* Resources */,
			);
			path = Views;
			sourceTree = "<group>";
		};
		6E04D2032308383D00CD5210 /* Resources */ = {
			isa = PBXGroup;
			children = (
				6E04D1CF230836D900CD5210 /* Main.storyboard */,
				6E04D1D7230836DD00CD5210 /* LaunchScreen.storyboard */,
			);
			path = Resources;
			sourceTree = "<group>";
		};
		6E3185B2230C549C008C9AD4 /* TestResources */ = {
			isa = PBXGroup;
			children = (
				6E3185B3230C54CC008C9AD4 /* FeedSample.json */,
				6E3185B8230C791E008C9AD4 /* EmptySample.json */,
				6E3185BA230C79C8008C9AD4 /* InvalidFeedSample.json */,
			);
			path = TestResources;
			sourceTree = "<group>";
		};
		6E3185B5230C54DE008C9AD4 /* TestUtils */ = {
			isa = PBXGroup;
			children = (
				6E3185BE230C8F49008C9AD4 /* CoreData */,
				6E3185B6230C5525008C9AD4 /* FileReader.swift */,
			);
			path = TestUtils;
			sourceTree = "<group>";
		};
		6E3185BE230C8F49008C9AD4 /* CoreData */ = {
			isa = PBXGroup;
			children = (
				6E3185BF230C8F5A008C9AD4 /* CoreDataManager.swift */,
			);
			path = CoreData;
			sourceTree = "<group>";
		};
		6E3185C9230CCBEF008C9AD4 /* Cells */ = {
			isa = PBXGroup;
			children = (
				6E3185CA230CCF3F008C9AD4 /* ProfileCell.swift */,
				6E3185CB230CCF3F008C9AD4 /* ProfileCell.xib */,
				6E3185CE230CD222008C9AD4 /* ContactCell.swift */,
				6E3185CF230CD222008C9AD4 /* ContactCell.xib */,
				6E3185D2230CD3EB008C9AD4 /* SkillCell.swift */,
				6E3185D3230CD3EB008C9AD4 /* SkillCell.xib */,
				6E3185D6230CD86C008C9AD4 /* WorkCell.swift */,
				6E3185D7230CD86C008C9AD4 /* WorkCell.xib */,
				6EDE3F99230CDAAB0040215F /* ReferenceCell.swift */,
				6EDE3F9A230CDAAB0040215F /* ReferenceCell.xib */,
				6EDE3F9D230CDB210040215F /* EducationCell.swift */,
				6EDE3F9E230CDB210040215F /* EducationCell.xib */,
				6E0B3D3E230D9C6000008397 /* InterestCell.swift */,
				6E0B3D3F230D9C6000008397 /* InterestCell.xib */,
			);
			path = Cells;
			sourceTree = "<group>";
		};
/* End PBXGroup section */

/* Begin PBXNativeTarget section */
		6E04D1C7230836D900CD5210 /* CurriculumVitae */ = {
			isa = PBXNativeTarget;
			buildConfigurationList = 6E04D1F3230836DD00CD5210 /* Build configuration list for PBXNativeTarget "CurriculumVitae" */;
			buildPhases = (
				6E04D1C4230836D900CD5210 /* Sources */,
				6E04D1C5230836D900CD5210 /* Frameworks */,
				6E04D1C6230836D900CD5210 /* Resources */,
			);
			buildRules = (
			);
			dependencies = (
			);
			name = CurriculumVitae;
			productName = CurriculumVitae;
			productReference = 6E04D1C8230836D900CD5210 /* CurriculumVitae.app */;
			productType = "com.apple.product-type.application";
		};
		6E04D1DE230836DD00CD5210 /* CurriculumVitaeTests */ = {
			isa = PBXNativeTarget;
			buildConfigurationList = 6E04D1F6230836DD00CD5210 /* Build configuration list for PBXNativeTarget "CurriculumVitaeTests" */;
			buildPhases = (
				6E04D1DB230836DD00CD5210 /* Sources */,
				6E04D1DC230836DD00CD5210 /* Frameworks */,
				6E04D1DD230836DD00CD5210 /* Resources */,
			);
			buildRules = (
			);
			dependencies = (
				6E04D1E1230836DD00CD5210 /* PBXTargetDependency */,
			);
			name = CurriculumVitaeTests;
			productName = CurriculumVitaeTests;
			productReference = 6E04D1DF230836DD00CD5210 /* CurriculumVitaeTests.xctest */;
			productType = "com.apple.product-type.bundle.unit-test";
		};
		6E04D1E9230836DD00CD5210 /* CurriculumVitaeUITests */ = {
			isa = PBXNativeTarget;
			buildConfigurationList = 6E04D1F9230836DD00CD5210 /* Build configuration list for PBXNativeTarget "CurriculumVitaeUITests" */;
			buildPhases = (
				6E04D1E6230836DD00CD5210 /* Sources */,
				6E04D1E7230836DD00CD5210 /* Frameworks */,
				6E04D1E8230836DD00CD5210 /* Resources */,
			);
			buildRules = (
			);
			dependencies = (
				6E04D1EC230836DD00CD5210 /* PBXTargetDependency */,
			);
			name = CurriculumVitaeUITests;
			productName = CurriculumVitaeUITests;
			productReference = 6E04D1EA230836DD00CD5210 /* CurriculumVitaeUITests.xctest */;
			productType = "com.apple.product-type.bundle.ui-testing";
		};
/* End PBXNativeTarget section */

/* Begin PBXProject section */
		6E04D1C0230836D900CD5210 /* Project object */ = {
			isa = PBXProject;
			attributes = {
				LastSwiftUpdateCheck = 1010;
				LastUpgradeCheck = 1010;
				ORGANIZATIONNAME = Carlos;
				TargetAttributes = {
					6E04D1C7230836D900CD5210 = {
						CreatedOnToolsVersion = 10.1;
					};
					6E04D1DE230836DD00CD5210 = {
						CreatedOnToolsVersion = 10.1;
						TestTargetID = 6E04D1C7230836D900CD5210;
					};
					6E04D1E9230836DD00CD5210 = {
						CreatedOnToolsVersion = 10.1;
						TestTargetID = 6E04D1C7230836D900CD5210;
					};
				};
			};
			buildConfigurationList = 6E04D1C3230836D900CD5210 /* Build configuration list for PBXProject "CurriculumVitae" */;
			compatibilityVersion = "Xcode 9.3";
			developmentRegion = en;
			hasScannedForEncodings = 0;
			knownRegions = (
				en,
				Base,
			);
			mainGroup = 6E04D1BF230836D900CD5210;
			productRefGroup = 6E04D1C9230836D900CD5210 /* Products */;
			projectDirPath = "";
			projectRoot = "";
			targets = (
				6E04D1C7230836D900CD5210 /* CurriculumVitae */,
				6E04D1DE230836DD00CD5210 /* CurriculumVitaeTests */,
				6E04D1E9230836DD00CD5210 /* CurriculumVitaeUITests */,
			);
		};
/* End PBXProject section */

/* Begin PBXResourcesBuildPhase section */
		6E04D1C6230836D900CD5210 /* Resources */ = {
			isa = PBXResourcesBuildPhase;
			buildActionMask = 2147483647;
			files = (
				6E04D1D9230836DD00CD5210 /* LaunchScreen.storyboard in Resources */,
				6EDE3FA0230CDB210040215F /* EducationCell.xib in Resources */,
				6EDE3F9C230CDAAB0040215F /* ReferenceCell.xib in Resources */,
				6E0B3D41230D9C6000008397 /* InterestCell.xib in Resources */,
				6E3185D5230CD3EB008C9AD4 /* SkillCell.xib in Resources */,
				6E3185CD230CCF3F008C9AD4 /* ProfileCell.xib in Resources */,
				6E3185D9230CD86C008C9AD4 /* WorkCell.xib in Resources */,
				6E04D1D6230836DD00CD5210 /* Assets.xcassets in Resources */,
				6E3185D1230CD222008C9AD4 /* ContactCell.xib in Resources */,
				6E04D1D1230836D900CD5210 /* Main.storyboard in Resources */,
			);
			runOnlyForDeploymentPostprocessing = 0;
		};
		6E04D1DD230836DD00CD5210 /* Resources */ = {
			isa = PBXResourcesBuildPhase;
			buildActionMask = 2147483647;
			files = (
				6E3185B4230C54CC008C9AD4 /* FeedSample.json in Resources */,
				6E3185BB230C79C8008C9AD4 /* InvalidFeedSample.json in Resources */,
				6E3185B9230C791E008C9AD4 /* EmptySample.json in Resources */,
			);
			runOnlyForDeploymentPostprocessing = 0;
		};
		6E04D1E8230836DD00CD5210 /* Resources */ = {
			isa = PBXResourcesBuildPhase;
			buildActionMask = 2147483647;
			files = (
			);
			runOnlyForDeploymentPostprocessing = 0;
		};
/* End PBXResourcesBuildPhase section */

/* Begin PBXSourcesBuildPhase section */
		6E04D1C4230836D900CD5210 /* Sources */ = {
			isa = PBXSourcesBuildPhase;
			buildActionMask = 2147483647;
			files = (
				6E3185D0230CD222008C9AD4 /* ContactCell.swift in Sources */,
				6E04D1CE230836D900CD5210 /* ViewController.swift in Sources */,
				6E04D20F23088B2C00CD5210 /* CoreDataHandler.swift in Sources */,
				6E04D20B230879F900CD5210 /* DataLauncher.swift in Sources */,
				6E3185CC230CCF3F008C9AD4 /* ProfileCell.swift in Sources */,
				6E04D209230879CC00CD5210 /* Launcher.swift in Sources */,
				6E04D207230847A900CD5210 /* CVFetcher.swift in Sources */,
				6E3185D4230CD3EB008C9AD4 /* SkillCell.swift in Sources */,
				6E3185D8230CD86C008C9AD4 /* WorkCell.swift in Sources */,
				6E0B3D40230D9C6000008397 /* InterestCell.swift in Sources */,
				6E04D1CC230836D900CD5210 /* AppDelegate.swift in Sources */,
				6EDE3F9F230CDB210040215F /* EducationCell.swift in Sources */,
				6E04D1D4230836D900CD5210 /* CurriculumVitae.xcdatamodeld in Sources */,
				6E3185C8230CCA8E008C9AD4 /* ViewControllerViewModel.swift in Sources */,
				6E04D2052308474100CD5210 /* DataFetcher.swift in Sources */,
				6E6F63D3230D9E130012572B /* CellInfo.swift in Sources */,
				6EDE3F9B230CDAAB0040215F /* ReferenceCell.swift in Sources */,
				6E04D20D230886AA00CD5210 /* CVParser.swift in Sources */,
			);
			runOnlyForDeploymentPostprocessing = 0;
		};
		6E04D1DB230836DD00CD5210 /* Sources */ = {
			isa = PBXSourcesBuildPhase;
			buildActionMask = 2147483647;
			files = (
				6E3185C0230C8F5A008C9AD4 /* CoreDataManager.swift in Sources */,
				6E3185B7230C5525008C9AD4 /* FileReader.swift in Sources */,
				6E04D1E4230836DD00CD5210 /* CurriculumVitaeTests.swift in Sources */,
			);
			runOnlyForDeploymentPostprocessing = 0;
		};
		6E04D1E6230836DD00CD5210 /* Sources */ = {
			isa = PBXSourcesBuildPhase;
			buildActionMask = 2147483647;
			files = (
				6E04D1EF230836DD00CD5210 /* CurriculumVitaeUITests.swift in Sources */,
			);
			runOnlyForDeploymentPostprocessing = 0;
		};
/* End PBXSourcesBuildPhase section */

/* Begin PBXTargetDependency section */
		6E04D1E1230836DD00CD5210 /* PBXTargetDependency */ = {
			isa = PBXTargetDependency;
			target = 6E04D1C7230836D900CD5210 /* CurriculumVitae */;
			targetProxy = 6E04D1E0230836DD00CD5210 /* PBXContainerItemProxy */;
		};
		6E04D1EC230836DD00CD5210 /* PBXTargetDependency */ = {
			isa = PBXTargetDependency;
			target = 6E04D1C7230836D900CD5210 /* CurriculumVitae */;
			targetProxy = 6E04D1EB230836DD00CD5210 /* PBXContainerItemProxy */;
		};
/* End PBXTargetDependency section */

/* Begin PBXVariantGroup section */
		6E04D1CF230836D900CD5210 /* Main.storyboard */ = {
			isa = PBXVariantGroup;
			children = (
				6E04D1D0230836D900CD5210 /* Base */,
			);
			name = Main.storyboard;
			sourceTree = "<group>";
		};
		6E04D1D7230836DD00CD5210 /* LaunchScreen.storyboard */ = {
			isa = PBXVariantGroup;
			children = (
				6E04D1D8230836DD00CD5210 /* Base */,
			);
			name = LaunchScreen.storyboard;
			sourceTree = "<group>";
		};
/* End PBXVariantGroup section */

/* Begin XCBuildConfiguration section */
		6E04D1F1230836DD00CD5210 /* Debug */ = {
			isa = XCBuildConfiguration;
			buildSettings = {
				ALWAYS_SEARCH_USER_PATHS = NO;
				CLANG_ANALYZER_NONNULL = YES;
				CLANG_ANALYZER_NUMBER_OBJECT_CONVERSION = YES_AGGRESSIVE;
				CLANG_CXX_LANGUAGE_STANDARD = "gnu++14";
				CLANG_CXX_LIBRARY = "libc++";
				CLANG_ENABLE_MODULES = YES;
				CLANG_ENABLE_OBJC_ARC = YES;
				CLANG_ENABLE_OBJC_WEAK = YES;
				CLANG_WARN_BLOCK_CAPTURE_AUTORELEASING = YES;
				CLANG_WARN_BOOL_CONVERSION = YES;
				CLANG_WARN_COMMA = YES;
				CLANG_WARN_CONSTANT_CONVERSION = YES;
				CLANG_WARN_DEPRECATED_OBJC_IMPLEMENTATIONS = YES;
				CLANG_WARN_DIRECT_OBJC_ISA_USAGE = YES_ERROR;
				CLANG_WARN_DOCUMENTATION_COMMENTS = YES;
				CLANG_WARN_EMPTY_BODY = YES;
				CLANG_WARN_ENUM_CONVERSION = YES;
				CLANG_WARN_INFINITE_RECURSION = YES;
				CLANG_WARN_INT_CONVERSION = YES;
				CLANG_WARN_NON_LITERAL_NULL_CONVERSION = YES;
				CLANG_WARN_OBJC_IMPLICIT_RETAIN_SELF = YES;
				CLANG_WARN_OBJC_LITERAL_CONVERSION = YES;
				CLANG_WARN_OBJC_ROOT_CLASS = YES_ERROR;
				CLANG_WARN_RANGE_LOOP_ANALYSIS = YES;
				CLANG_WARN_STRICT_PROTOTYPES = YES;
				CLANG_WARN_SUSPICIOUS_MOVE = YES;
				CLANG_WARN_UNGUARDED_AVAILABILITY = YES_AGGRESSIVE;
				CLANG_WARN_UNREACHABLE_CODE = YES;
				CLANG_WARN__DUPLICATE_METHOD_MATCH = YES;
				CODE_SIGN_IDENTITY = "iPhone Developer";
				COPY_PHASE_STRIP = NO;
				DEBUG_INFORMATION_FORMAT = dwarf;
				ENABLE_STRICT_OBJC_MSGSEND = YES;
				ENABLE_TESTABILITY = YES;
				GCC_C_LANGUAGE_STANDARD = gnu11;
				GCC_DYNAMIC_NO_PIC = NO;
				GCC_NO_COMMON_BLOCKS = YES;
				GCC_OPTIMIZATION_LEVEL = 0;
				GCC_PREPROCESSOR_DEFINITIONS = (
					"DEBUG=1",
					"$(inherited)",
				);
				GCC_WARN_64_TO_32_BIT_CONVERSION = YES;
				GCC_WARN_ABOUT_RETURN_TYPE = YES_ERROR;
				GCC_WARN_UNDECLARED_SELECTOR = YES;
				GCC_WARN_UNINITIALIZED_AUTOS = YES_AGGRESSIVE;
				GCC_WARN_UNUSED_FUNCTION = YES;
				GCC_WARN_UNUSED_VARIABLE = YES;
				IPHONEOS_DEPLOYMENT_TARGET = 12.1;
				MTL_ENABLE_DEBUG_INFO = INCLUDE_SOURCE;
				MTL_FAST_MATH = YES;
				ONLY_ACTIVE_ARCH = YES;
				SDKROOT = iphoneos;
				SWIFT_ACTIVE_COMPILATION_CONDITIONS = DEBUG;
				SWIFT_OPTIMIZATION_LEVEL = "-Onone";
			};
			name = Debug;
		};
		6E04D1F2230836DD00CD5210 /* Release */ = {
			isa = XCBuildConfiguration;
			buildSettings = {
				ALWAYS_SEARCH_USER_PATHS = NO;
				CLANG_ANALYZER_NONNULL = YES;
				CLANG_ANALYZER_NUMBER_OBJECT_CONVERSION = YES_AGGRESSIVE;
				CLANG_CXX_LANGUAGE_STANDARD = "gnu++14";
				CLANG_CXX_LIBRARY = "libc++";
				CLANG_ENABLE_MODULES = YES;
				CLANG_ENABLE_OBJC_ARC = YES;
				CLANG_ENABLE_OBJC_WEAK = YES;
				CLANG_WARN_BLOCK_CAPTURE_AUTORELEASING = YES;
				CLANG_WARN_BOOL_CONVERSION = YES;
				CLANG_WARN_COMMA = YES;
				CLANG_WARN_CONSTANT_CONVERSION = YES;
				CLANG_WARN_DEPRECATED_OBJC_IMPLEMENTATIONS = YES;
				CLANG_WARN_DIRECT_OBJC_ISA_USAGE = YES_ERROR;
				CLANG_WARN_DOCUMENTATION_COMMENTS = YES;
				CLANG_WARN_EMPTY_BODY = YES;
				CLANG_WARN_ENUM_CONVERSION = YES;
				CLANG_WARN_INFINITE_RECURSION = YES;
				CLANG_WARN_INT_CONVERSION = YES;
				CLANG_WARN_NON_LITERAL_NULL_CONVERSION = YES;
				CLANG_WARN_OBJC_IMPLICIT_RETAIN_SELF = YES;
				CLANG_WARN_OBJC_LITERAL_CONVERSION = YES;
				CLANG_WARN_OBJC_ROOT_CLASS = YES_ERROR;
				CLANG_WARN_RANGE_LOOP_ANALYSIS = YES;
				CLANG_WARN_STRICT_PROTOTYPES = YES;
				CLANG_WARN_SUSPICIOUS_MOVE = YES;
				CLANG_WARN_UNGUARDED_AVAILABILITY = YES_AGGRESSIVE;
				CLANG_WARN_UNREACHABLE_CODE = YES;
				CLANG_WARN__DUPLICATE_METHOD_MATCH = YES;
				CODE_SIGN_IDENTITY = "iPhone Developer";
				COPY_PHASE_STRIP = NO;
				DEBUG_INFORMATION_FORMAT = "dwarf-with-dsym";
				ENABLE_NS_ASSERTIONS = NO;
				ENABLE_STRICT_OBJC_MSGSEND = YES;
				GCC_C_LANGUAGE_STANDARD = gnu11;
				GCC_NO_COMMON_BLOCKS = YES;
				GCC_WARN_64_TO_32_BIT_CONVERSION = YES;
				GCC_WARN_ABOUT_RETURN_TYPE = YES_ERROR;
				GCC_WARN_UNDECLARED_SELECTOR = YES;
				GCC_WARN_UNINITIALIZED_AUTOS = YES_AGGRESSIVE;
				GCC_WARN_UNUSED_FUNCTION = YES;
				GCC_WARN_UNUSED_VARIABLE = YES;
				IPHONEOS_DEPLOYMENT_TARGET = 12.1;
				MTL_ENABLE_DEBUG_INFO = NO;
				MTL_FAST_MATH = YES;
				SDKROOT = iphoneos;
				SWIFT_COMPILATION_MODE = wholemodule;
				SWIFT_OPTIMIZATION_LEVEL = "-O";
				VALIDATE_PRODUCT = YES;
			};
			name = Release;
		};
		6E04D1F4230836DD00CD5210 /* Debug */ = {
			isa = XCBuildConfiguration;
			buildSettings = {
				ASSETCATALOG_COMPILER_APPICON_NAME = AppIcon;
				CODE_SIGN_STYLE = Automatic;
				DEVELOPMENT_TEAM = 6EAEARQ255;
				INFOPLIST_FILE = CurriculumVitae/Info.plist;
				LD_RUNPATH_SEARCH_PATHS = (
					"$(inherited)",
					"@executable_path/Frameworks",
				);
				PRODUCT_BUNDLE_IDENTIFIER = com.saldana.CurriculumVitae;
				PRODUCT_NAME = "$(TARGET_NAME)";
				SWIFT_VERSION = 4.2;
				TARGETED_DEVICE_FAMILY = "1,2";
			};
			name = Debug;
		};
		6E04D1F5230836DD00CD5210 /* Release */ = {
			isa = XCBuildConfiguration;
			buildSettings = {
				ASSETCATALOG_COMPILER_APPICON_NAME = AppIcon;
				CODE_SIGN_STYLE = Automatic;
				DEVELOPMENT_TEAM = 6EAEARQ255;
				INFOPLIST_FILE = CurriculumVitae/Info.plist;
				LD_RUNPATH_SEARCH_PATHS = (
					"$(inherited)",
					"@executable_path/Frameworks",
				);
				PRODUCT_BUNDLE_IDENTIFIER = com.saldana.CurriculumVitae;
				PRODUCT_NAME = "$(TARGET_NAME)";
				SWIFT_VERSION = 4.2;
				TARGETED_DEVICE_FAMILY = "1,2";
			};
			name = Release;
		};
		6E04D1F7230836DD00CD5210 /* Debug */ = {
			isa = XCBuildConfiguration;
			buildSettings = {
				ALWAYS_EMBED_SWIFT_STANDARD_LIBRARIES = YES;
				BUNDLE_LOADER = "$(TEST_HOST)";
				CODE_SIGN_STYLE = Automatic;
				INFOPLIST_FILE = CurriculumVitaeTests/Info.plist;
				LD_RUNPATH_SEARCH_PATHS = (
					"$(inherited)",
					"@executable_path/Frameworks",
					"@loader_path/Frameworks",
				);
				PRODUCT_BUNDLE_IDENTIFIER = com.saldana.CurriculumVitaeTests;
				PRODUCT_NAME = "$(TARGET_NAME)";
				SWIFT_VERSION = 4.2;
				TARGETED_DEVICE_FAMILY = "1,2";
				TEST_HOST = "$(BUILT_PRODUCTS_DIR)/CurriculumVitae.app/CurriculumVitae";
			};
			name = Debug;
		};
		6E04D1F8230836DD00CD5210 /* Release */ = {
			isa = XCBuildConfiguration;
			buildSettings = {
				ALWAYS_EMBED_SWIFT_STANDARD_LIBRARIES = YES;
				BUNDLE_LOADER = "$(TEST_HOST)";
				CODE_SIGN_STYLE = Automatic;
				INFOPLIST_FILE = CurriculumVitaeTests/Info.plist;
				LD_RUNPATH_SEARCH_PATHS = (
					"$(inherited)",
					"@executable_path/Frameworks",
					"@loader_path/Frameworks",
				);
				PRODUCT_BUNDLE_IDENTIFIER = com.saldana.CurriculumVitaeTests;
				PRODUCT_NAME = "$(TARGET_NAME)";
				SWIFT_VERSION = 4.2;
				TARGETED_DEVICE_FAMILY = "1,2";
				TEST_HOST = "$(BUILT_PRODUCTS_DIR)/CurriculumVitae.app/CurriculumVitae";
			};
			name = Release;
		};
		6E04D1FA230836DD00CD5210 /* Debug */ = {
			isa = XCBuildConfiguration;
			buildSettings = {
				ALWAYS_EMBED_SWIFT_STANDARD_LIBRARIES = YES;
				CODE_SIGN_STYLE = Automatic;
				INFOPLIST_FILE = CurriculumVitaeUITests/Info.plist;
				LD_RUNPATH_SEARCH_PATHS = (
					"$(inherited)",
					"@executable_path/Frameworks",
					"@loader_path/Frameworks",
				);
				PRODUCT_BUNDLE_IDENTIFIER = com.saldana.CurriculumVitaeUITests;
				PRODUCT_NAME = "$(TARGET_NAME)";
				SWIFT_VERSION = 4.2;
				TARGETED_DEVICE_FAMILY = "1,2";
				TEST_TARGET_NAME = CurriculumVitae;
			};
			name = Debug;
		};
		6E04D1FB230836DD00CD5210 /* Release */ = {
			isa = XCBuildConfiguration;
			buildSettings = {
				ALWAYS_EMBED_SWIFT_STANDARD_LIBRARIES = YES;
				CODE_SIGN_STYLE = Automatic;
				INFOPLIST_FILE = CurriculumVitaeUITests/Info.plist;
				LD_RUNPATH_SEARCH_PATHS = (
					"$(inherited)",
					"@executable_path/Frameworks",
					"@loader_path/Frameworks",
				);
				PRODUCT_BUNDLE_IDENTIFIER = com.saldana.CurriculumVitaeUITests;
				PRODUCT_NAME = "$(TARGET_NAME)";
				SWIFT_VERSION = 4.2;
				TARGETED_DEVICE_FAMILY = "1,2";
				TEST_TARGET_NAME = CurriculumVitae;
			};
			name = Release;
		};
/* End XCBuildConfiguration section */

/* Begin XCConfigurationList section */
		6E04D1C3230836D900CD5210 /* Build configuration list for PBXProject "CurriculumVitae" */ = {
			isa = XCConfigurationList;
			buildConfigurations = (
				6E04D1F1230836DD00CD5210 /* Debug */,
				6E04D1F2230836DD00CD5210 /* Release */,
			);
			defaultConfigurationIsVisible = 0;
			defaultConfigurationName = Release;
		};
		6E04D1F3230836DD00CD5210 /* Build configuration list for PBXNativeTarget "CurriculumVitae" */ = {
			isa = XCConfigurationList;
			buildConfigurations = (
				6E04D1F4230836DD00CD5210 /* Debug */,
				6E04D1F5230836DD00CD5210 /* Release */,
			);
			defaultConfigurationIsVisible = 0;
			defaultConfigurationName = Release;
		};
		6E04D1F6230836DD00CD5210 /* Build configuration list for PBXNativeTarget "CurriculumVitaeTests" */ = {
			isa = XCConfigurationList;
			buildConfigurations = (
				6E04D1F7230836DD00CD5210 /* Debug */,
				6E04D1F8230836DD00CD5210 /* Release */,
			);
			defaultConfigurationIsVisible = 0;
			defaultConfigurationName = Release;
		};
		6E04D1F9230836DD00CD5210 /* Build configuration list for PBXNativeTarget "CurriculumVitaeUITests" */ = {
			isa = XCConfigurationList;
			buildConfigurations = (
				6E04D1FA230836DD00CD5210 /* Debug */,
				6E04D1FB230836DD00CD5210 /* Release */,
			);
			defaultConfigurationIsVisible = 0;
			defaultConfigurationName = Release;
		};
/* End XCConfigurationList section */

/* Begin XCVersionGroup section */
		6E04D1D2230836D900CD5210 /* CurriculumVitae.xcdatamodeld */ = {
			isa = XCVersionGroup;
			children = (
				6E04D1D3230836D900CD5210 /* CurriculumVitae.xcdatamodel */,
			);
			currentVersion = 6E04D1D3230836D900CD5210 /* CurriculumVitae.xcdatamodel */;
			path = CurriculumVitae.xcdatamodeld;
			sourceTree = "<group>";
			versionGroupType = wrapper.xcdatamodel;
		};
/* End XCVersionGroup section */
	};
	rootObject = 6E04D1C0230836D900CD5210 /* Project object */;
}
